// !$*UTF8*$!
{
	archiveVersion = 1;
	classes = {
	};
	objectVersion = 46;
	objects = {

/* Begin PBXBuildFile section */
		3139801516BB961800A60647 /* TimelineEntity.m in Sources */ = {isa = PBXBuildFile; fileRef = 3139801416BB961800A60647 /* TimelineEntity.m */; };
		3139802116BBAC6500A60647 /* TimelineEventViewCell.m in Sources */ = {isa = PBXBuildFile; fileRef = 3139802016BBAC6500A60647 /* TimelineEventViewCell.m */; };
		3139802416BBAC7B00A60647 /* TimelinePostViewCell.m in Sources */ = {isa = PBXBuildFile; fileRef = 3139802316BBAC7B00A60647 /* TimelinePostViewCell.m */; };
		31A4E9A416BA4B4400591135 /* UserEntity.m in Sources */ = {isa = PBXBuildFile; fileRef = 31A4E9A316BA4B4400591135 /* UserEntity.m */; };
		31A4E9A716BA4F0600591135 /* PostEntity.m in Sources */ = {isa = PBXBuildFile; fileRef = 31A4E9A616BA4F0600591135 /* PostEntity.m */; };
		31A4E9AA16BA52E900591135 /* EventEntity.m in Sources */ = {isa = PBXBuildFile; fileRef = 31A4E9A916BA52E900591135 /* EventEntity.m */; };
		31A4E9BA16BA57FE00591135 /* TimelineViewController.m in Sources */ = {isa = PBXBuildFile; fileRef = 31A4E9B916BA57FE00591135 /* TimelineViewController.m */; };
		31A4E9BD16BA5A2A00591135 /* BaseApiRequest.m in Sources */ = {isa = PBXBuildFile; fileRef = 31A4E9BC16BA5A2900591135 /* BaseApiRequest.m */; };
		31AFA3CA16BB7E4900F33660 /* ASIAuthenticationDialog.m in Sources */ = {isa = PBXBuildFile; fileRef = 31AFA3B216BB7E4900F33660 /* ASIAuthenticationDialog.m */; settings = {COMPILER_FLAGS = "-fno-objc-arc"; }; };
		31AFA3CB16BB7E4900F33660 /* ASIDataCompressor.m in Sources */ = {isa = PBXBuildFile; fileRef = 31AFA3B516BB7E4900F33660 /* ASIDataCompressor.m */; settings = {COMPILER_FLAGS = "-fno-objc-arc"; }; };
		31AFA3CC16BB7E4900F33660 /* ASIDataDecompressor.m in Sources */ = {isa = PBXBuildFile; fileRef = 31AFA3B716BB7E4900F33660 /* ASIDataDecompressor.m */; settings = {COMPILER_FLAGS = "-fno-objc-arc"; }; };
		31AFA3CD16BB7E4900F33660 /* ASIDownloadCache.m in Sources */ = {isa = PBXBuildFile; fileRef = 31AFA3B916BB7E4900F33660 /* ASIDownloadCache.m */; settings = {COMPILER_FLAGS = "-fno-objc-arc"; }; };
		31AFA3CE16BB7E4900F33660 /* ASIFormDataRequest.m in Sources */ = {isa = PBXBuildFile; fileRef = 31AFA3BB16BB7E4900F33660 /* ASIFormDataRequest.m */; settings = {COMPILER_FLAGS = "-fno-objc-arc"; }; };
		31AFA3CF16BB7E4900F33660 /* ASIHTTPRequest.m in Sources */ = {isa = PBXBuildFile; fileRef = 31AFA3BD16BB7E4900F33660 /* ASIHTTPRequest.m */; settings = {COMPILER_FLAGS = "-fno-objc-arc"; }; };
		31AFA3D016BB7E4900F33660 /* ASIInputStream.m in Sources */ = {isa = PBXBuildFile; fileRef = 31AFA3C116BB7E4900F33660 /* ASIInputStream.m */; settings = {COMPILER_FLAGS = "-fno-objc-arc"; }; };
		31AFA3D116BB7E4900F33660 /* ASINetworkQueue.m in Sources */ = {isa = PBXBuildFile; fileRef = 31AFA3C316BB7E4900F33660 /* ASINetworkQueue.m */; settings = {COMPILER_FLAGS = "-fno-objc-arc"; }; };
		31AFA3D216BB7E4900F33660 /* BaseHttpRequest.m in Sources */ = {isa = PBXBuildFile; fileRef = 31AFA3C616BB7E4900F33660 /* BaseHttpRequest.m */; };
		31AFA3D316BB7E4900F33660 /* Reachability.m in Sources */ = {isa = PBXBuildFile; fileRef = 31AFA3C916BB7E4900F33660 /* Reachability.m */; settings = {COMPILER_FLAGS = "-fno-objc-arc"; }; };
		31B6A06816B7775D002CB237 /* UIKit.framework in Frameworks */ = {isa = PBXBuildFile; fileRef = 31B6A06716B7775D002CB237 /* UIKit.framework */; };
		31B6A06A16B7775D002CB237 /* Foundation.framework in Frameworks */ = {isa = PBXBuildFile; fileRef = 31B6A06916B7775D002CB237 /* Foundation.framework */; };
		31B6A06C16B7775D002CB237 /* CoreGraphics.framework in Frameworks */ = {isa = PBXBuildFile; fileRef = 31B6A06B16B7775D002CB237 /* CoreGraphics.framework */; };
		31B6A07216B7775D002CB237 /* InfoPlist.strings in Resources */ = {isa = PBXBuildFile; fileRef = 31B6A07016B7775D002CB237 /* InfoPlist.strings */; };
		31B6A07416B7775D002CB237 /* main.m in Sources */ = {isa = PBXBuildFile; fileRef = 31B6A07316B7775D002CB237 /* main.m */; };
		31B6A07816B7775D002CB237 /* LTTAppDelegate.m in Sources */ = {isa = PBXBuildFile; fileRef = 31B6A07716B7775D002CB237 /* LTTAppDelegate.m */; };
		31B6A07A16B7775D002CB237 /* Default.png in Resources */ = {isa = PBXBuildFile; fileRef = 31B6A07916B7775D002CB237 /* Default.png */; };
		31B6A07C16B7775D002CB237 /* Default@2x.png in Resources */ = {isa = PBXBuildFile; fileRef = 31B6A07B16B7775D002CB237 /* Default@2x.png */; };
		31B6A07E16B7775E002CB237 /* Default-568h@2x.png in Resources */ = {isa = PBXBuildFile; fileRef = 31B6A07D16B7775E002CB237 /* Default-568h@2x.png */; };
		31B6A10416B77F2B002CB237 /* CFNetwork.framework in Frameworks */ = {isa = PBXBuildFile; fileRef = 31B6A10316B77F2B002CB237 /* CFNetwork.framework */; };
		31B6A10816B78080002CB237 /* SystemConfiguration.framework in Frameworks */ = {isa = PBXBuildFile; fileRef = 31B6A10716B78080002CB237 /* SystemConfiguration.framework */; };
		31B6A10A16B78088002CB237 /* MobileCoreServices.framework in Frameworks */ = {isa = PBXBuildFile; fileRef = 31B6A10916B78088002CB237 /* MobileCoreServices.framework */; };
		31B6A10C16B78095002CB237 /* libz.dylib in Frameworks */ = {isa = PBXBuildFile; fileRef = 31B6A10B16B78095002CB237 /* libz.dylib */; };
		31B6A15116B78ED6002CB237 /* SBJsonParser.m in Sources */ = {isa = PBXBuildFile; fileRef = 31B6A13E16B78ED6002CB237 /* SBJsonParser.m */; };
		31B6A15216B78ED6002CB237 /* SBJsonStreamParser.m in Sources */ = {isa = PBXBuildFile; fileRef = 31B6A14016B78ED6002CB237 /* SBJsonStreamParser.m */; };
		31B6A15316B78ED6002CB237 /* SBJsonStreamParserAccumulator.m in Sources */ = {isa = PBXBuildFile; fileRef = 31B6A14216B78ED6002CB237 /* SBJsonStreamParserAccumulator.m */; };
		31B6A15416B78ED6002CB237 /* SBJsonStreamParserAdapter.m in Sources */ = {isa = PBXBuildFile; fileRef = 31B6A14416B78ED6002CB237 /* SBJsonStreamParserAdapter.m */; };
		31B6A15516B78ED6002CB237 /* SBJsonStreamParserState.m in Sources */ = {isa = PBXBuildFile; fileRef = 31B6A14616B78ED6002CB237 /* SBJsonStreamParserState.m */; };
		31B6A15616B78ED6002CB237 /* SBJsonStreamTokeniser.m in Sources */ = {isa = PBXBuildFile; fileRef = 31B6A14816B78ED6002CB237 /* SBJsonStreamTokeniser.m */; };
		31B6A15716B78ED6002CB237 /* SBJsonStreamWriter.m in Sources */ = {isa = PBXBuildFile; fileRef = 31B6A14A16B78ED6002CB237 /* SBJsonStreamWriter.m */; };
		31B6A15816B78ED6002CB237 /* SBJsonStreamWriterAccumulator.m in Sources */ = {isa = PBXBuildFile; fileRef = 31B6A14C16B78ED6002CB237 /* SBJsonStreamWriterAccumulator.m */; };
		31B6A15916B78ED6002CB237 /* SBJsonStreamWriterState.m in Sources */ = {isa = PBXBuildFile; fileRef = 31B6A14E16B78ED6002CB237 /* SBJsonStreamWriterState.m */; };
		31B6A15A16B78ED6002CB237 /* SBJsonWriter.m in Sources */ = {isa = PBXBuildFile; fileRef = 31B6A15016B78ED6002CB237 /* SBJsonWriter.m */; };
		31B6A20616B7DB53002CB237 /* MKAnnotationView+WebCache.m in Sources */ = {isa = PBXBuildFile; fileRef = 31B6A1F216B7DB53002CB237 /* MKAnnotationView+WebCache.m */; };
		31B6A20716B7DB53002CB237 /* SDImageCache.m in Sources */ = {isa = PBXBuildFile; fileRef = 31B6A1F416B7DB53002CB237 /* SDImageCache.m */; };
		31B6A20816B7DB53002CB237 /* SDWebImageCompat.m in Sources */ = {isa = PBXBuildFile; fileRef = 31B6A1F616B7DB53002CB237 /* SDWebImageCompat.m */; };
		31B6A20916B7DB53002CB237 /* SDWebImageDecoder.m in Sources */ = {isa = PBXBuildFile; fileRef = 31B6A1F816B7DB53002CB237 /* SDWebImageDecoder.m */; };
		31B6A20A16B7DB53002CB237 /* SDWebImageDownloader.m in Sources */ = {isa = PBXBuildFile; fileRef = 31B6A1FA16B7DB53002CB237 /* SDWebImageDownloader.m */; };
		31B6A20B16B7DB53002CB237 /* SDWebImageDownloaderOperation.m in Sources */ = {isa = PBXBuildFile; fileRef = 31B6A1FC16B7DB53002CB237 /* SDWebImageDownloaderOperation.m */; };
		31B6A20C16B7DB53002CB237 /* SDWebImageManager.m in Sources */ = {isa = PBXBuildFile; fileRef = 31B6A1FE16B7DB53002CB237 /* SDWebImageManager.m */; };
		31B6A20D16B7DB53002CB237 /* SDWebImagePrefetcher.m in Sources */ = {isa = PBXBuildFile; fileRef = 31B6A20116B7DB53002CB237 /* SDWebImagePrefetcher.m */; };
		31B6A20E16B7DB53002CB237 /* UIButton+WebCache.m in Sources */ = {isa = PBXBuildFile; fileRef = 31B6A20316B7DB53002CB237 /* UIButton+WebCache.m */; };
		31B6A20F16B7DB53002CB237 /* UIImageView+WebCache.m in Sources */ = {isa = PBXBuildFile; fileRef = 31B6A20516B7DB53002CB237 /* UIImageView+WebCache.m */; };
		31B6A21116B7DB72002CB237 /* ImageIO.framework in Frameworks */ = {isa = PBXBuildFile; fileRef = 31B6A21016B7DB72002CB237 /* ImageIO.framework */; };
		31B6A21316B7DB79002CB237 /* MapKit.framework in Frameworks */ = {isa = PBXBuildFile; fileRef = 31B6A21216B7DB79002CB237 /* MapKit.framework */; };
		31E9E84316BFA08C0054AFBB /* EGORefreshTableHeaderView.m in Sources */ = {isa = PBXBuildFile; fileRef = 31E9E84216BF9B140054AFBB /* EGORefreshTableHeaderView.m */; settings = {COMPILER_FLAGS = "-fno-objc-arc"; }; };
		31E9E84516BFA0E20054AFBB /* QuartzCore.framework in Frameworks */ = {isa = PBXBuildFile; fileRef = 31E9E84416BFA0E20054AFBB /* QuartzCore.framework */; };
		31E9E84F16BFA1230054AFBB /* grayArrow.png in Resources */ = {isa = PBXBuildFile; fileRef = 31E9E84716BFA1230054AFBB /* grayArrow.png */; };
		31E9E85016BFA1230054AFBB /* grayArrow@2x.png in Resources */ = {isa = PBXBuildFile; fileRef = 31E9E84816BFA1230054AFBB /* grayArrow@2x.png */; };
		31E9E85116BFA1230054AFBB /* blackArrow.png in Resources */ = {isa = PBXBuildFile; fileRef = 31E9E84916BFA1230054AFBB /* blackArrow.png */; };
		31E9E85216BFA1230054AFBB /* blackArrow@2x.png in Resources */ = {isa = PBXBuildFile; fileRef = 31E9E84A16BFA1230054AFBB /* blackArrow@2x.png */; };
		31E9E85316BFA1230054AFBB /* blueArrow.png in Resources */ = {isa = PBXBuildFile; fileRef = 31E9E84B16BFA1230054AFBB /* blueArrow.png */; };
		31E9E85416BFA1230054AFBB /* blueArrow@2x.png in Resources */ = {isa = PBXBuildFile; fileRef = 31E9E84C16BFA1230054AFBB /* blueArrow@2x.png */; };
		31E9E85516BFA1230054AFBB /* whiteArrow.png in Resources */ = {isa = PBXBuildFile; fileRef = 31E9E84D16BFA1230054AFBB /* whiteArrow.png */; };
		31E9E85616BFA1230054AFBB /* whiteArrow@2x.png in Resources */ = {isa = PBXBuildFile; fileRef = 31E9E84E16BFA1230054AFBB /* whiteArrow@2x.png */; };
		31F860EE16B7E183003B9D11 /* loading18.gif in Resources */ = {isa = PBXBuildFile; fileRef = 31F860ED16B7E183003B9D11 /* loading18.gif */; };
/* End PBXBuildFile section */

/* Begin PBXFileReference section */
		3139801316BB961800A60647 /* TimelineEntity.h */ = {isa = PBXFileReference; fileEncoding = 4; lastKnownFileType = sourcecode.c.h; path = TimelineEntity.h; sourceTree = "<group>"; };
		3139801416BB961800A60647 /* TimelineEntity.m */ = {isa = PBXFileReference; fileEncoding = 4; lastKnownFileType = sourcecode.c.objc; path = TimelineEntity.m; sourceTree = "<group>"; };
		3139801F16BBAC6500A60647 /* TimelineEventViewCell.h */ = {isa = PBXFileReference; fileEncoding = 4; lastKnownFileType = sourcecode.c.h; path = TimelineEventViewCell.h; sourceTree = "<group>"; };
		3139802016BBAC6500A60647 /* TimelineEventViewCell.m */ = {isa = PBXFileReference; fileEncoding = 4; lastKnownFileType = sourcecode.c.objc; path = TimelineEventViewCell.m; sourceTree = "<group>"; };
		3139802216BBAC7B00A60647 /* TimelinePostViewCell.h */ = {isa = PBXFileReference; fileEncoding = 4; lastKnownFileType = sourcecode.c.h; path = TimelinePostViewCell.h; sourceTree = "<group>"; };
		3139802316BBAC7B00A60647 /* TimelinePostViewCell.m */ = {isa = PBXFileReference; fileEncoding = 4; lastKnownFileType = sourcecode.c.objc; path = TimelinePostViewCell.m; sourceTree = "<group>"; };
		31A4E9A216BA4B4400591135 /* UserEntity.h */ = {isa = PBXFileReference; fileEncoding = 4; lastKnownFileType = sourcecode.c.h; path = UserEntity.h; sourceTree = "<group>"; };
		31A4E9A316BA4B4400591135 /* UserEntity.m */ = {isa = PBXFileReference; fileEncoding = 4; lastKnownFileType = sourcecode.c.objc; path = UserEntity.m; sourceTree = "<group>"; };
		31A4E9A516BA4F0600591135 /* PostEntity.h */ = {isa = PBXFileReference; fileEncoding = 4; lastKnownFileType = sourcecode.c.h; path = PostEntity.h; sourceTree = "<group>"; };
		31A4E9A616BA4F0600591135 /* PostEntity.m */ = {isa = PBXFileReference; fileEncoding = 4; lastKnownFileType = sourcecode.c.objc; path = PostEntity.m; sourceTree = "<group>"; };
		31A4E9A816BA52E900591135 /* EventEntity.h */ = {isa = PBXFileReference; fileEncoding = 4; lastKnownFileType = sourcecode.c.h; path = EventEntity.h; sourceTree = "<group>"; };
		31A4E9A916BA52E900591135 /* EventEntity.m */ = {isa = PBXFileReference; fileEncoding = 4; lastKnownFileType = sourcecode.c.objc; path = EventEntity.m; sourceTree = "<group>"; };
		31A4E9B816BA57FE00591135 /* TimelineViewController.h */ = {isa = PBXFileReference; fileEncoding = 4; lastKnownFileType = sourcecode.c.h; path = TimelineViewController.h; sourceTree = "<group>"; };
		31A4E9B916BA57FE00591135 /* TimelineViewController.m */ = {isa = PBXFileReference; fileEncoding = 4; lastKnownFileType = sourcecode.c.objc; path = TimelineViewController.m; sourceTree = "<group>"; };
		31A4E9BB16BA5A2900591135 /* BaseApiRequest.h */ = {isa = PBXFileReference; fileEncoding = 4; lastKnownFileType = sourcecode.c.h; path = BaseApiRequest.h; sourceTree = "<group>"; };
		31A4E9BC16BA5A2900591135 /* BaseApiRequest.m */ = {isa = PBXFileReference; fileEncoding = 4; lastKnownFileType = sourcecode.c.objc; path = BaseApiRequest.m; sourceTree = "<group>"; };
		31AFA3B116BB7E4900F33660 /* ASIAuthenticationDialog.h */ = {isa = PBXFileReference; fileEncoding = 4; lastKnownFileType = sourcecode.c.h; path = ASIAuthenticationDialog.h; sourceTree = "<group>"; };
		31AFA3B216BB7E4900F33660 /* ASIAuthenticationDialog.m */ = {isa = PBXFileReference; fileEncoding = 4; lastKnownFileType = sourcecode.c.objc; path = ASIAuthenticationDialog.m; sourceTree = "<group>"; };
		31AFA3B316BB7E4900F33660 /* ASICacheDelegate.h */ = {isa = PBXFileReference; fileEncoding = 4; lastKnownFileType = sourcecode.c.h; path = ASICacheDelegate.h; sourceTree = "<group>"; };
		31AFA3B416BB7E4900F33660 /* ASIDataCompressor.h */ = {isa = PBXFileReference; fileEncoding = 4; lastKnownFileType = sourcecode.c.h; path = ASIDataCompressor.h; sourceTree = "<group>"; };
		31AFA3B516BB7E4900F33660 /* ASIDataCompressor.m */ = {isa = PBXFileReference; fileEncoding = 4; lastKnownFileType = sourcecode.c.objc; path = ASIDataCompressor.m; sourceTree = "<group>"; };
		31AFA3B616BB7E4900F33660 /* ASIDataDecompressor.h */ = {isa = PBXFileReference; fileEncoding = 4; lastKnownFileType = sourcecode.c.h; path = ASIDataDecompressor.h; sourceTree = "<group>"; };
		31AFA3B716BB7E4900F33660 /* ASIDataDecompressor.m */ = {isa = PBXFileReference; fileEncoding = 4; lastKnownFileType = sourcecode.c.objc; path = ASIDataDecompressor.m; sourceTree = "<group>"; };
		31AFA3B816BB7E4900F33660 /* ASIDownloadCache.h */ = {isa = PBXFileReference; fileEncoding = 4; lastKnownFileType = sourcecode.c.h; path = ASIDownloadCache.h; sourceTree = "<group>"; };
		31AFA3B916BB7E4900F33660 /* ASIDownloadCache.m */ = {isa = PBXFileReference; fileEncoding = 4; lastKnownFileType = sourcecode.c.objc; path = ASIDownloadCache.m; sourceTree = "<group>"; };
		31AFA3BA16BB7E4900F33660 /* ASIFormDataRequest.h */ = {isa = PBXFileReference; fileEncoding = 4; lastKnownFileType = sourcecode.c.h; path = ASIFormDataRequest.h; sourceTree = "<group>"; };
		31AFA3BB16BB7E4900F33660 /* ASIFormDataRequest.m */ = {isa = PBXFileReference; fileEncoding = 4; lastKnownFileType = sourcecode.c.objc; path = ASIFormDataRequest.m; sourceTree = "<group>"; };
		31AFA3BC16BB7E4900F33660 /* ASIHTTPRequest.h */ = {isa = PBXFileReference; fileEncoding = 4; lastKnownFileType = sourcecode.c.h; path = ASIHTTPRequest.h; sourceTree = "<group>"; };
		31AFA3BD16BB7E4900F33660 /* ASIHTTPRequest.m */ = {isa = PBXFileReference; fileEncoding = 4; lastKnownFileType = sourcecode.c.objc; path = ASIHTTPRequest.m; sourceTree = "<group>"; };
		31AFA3BE16BB7E4900F33660 /* ASIHTTPRequestConfig.h */ = {isa = PBXFileReference; fileEncoding = 4; lastKnownFileType = sourcecode.c.h; path = ASIHTTPRequestConfig.h; sourceTree = "<group>"; };
		31AFA3BF16BB7E4900F33660 /* ASIHTTPRequestDelegate.h */ = {isa = PBXFileReference; fileEncoding = 4; lastKnownFileType = sourcecode.c.h; path = ASIHTTPRequestDelegate.h; sourceTree = "<group>"; };
		31AFA3C016BB7E4900F33660 /* ASIInputStream.h */ = {isa = PBXFileReference; fileEncoding = 4; lastKnownFileType = sourcecode.c.h; path = ASIInputStream.h; sourceTree = "<group>"; };
		31AFA3C116BB7E4900F33660 /* ASIInputStream.m */ = {isa = PBXFileReference; fileEncoding = 4; lastKnownFileType = sourcecode.c.objc; path = ASIInputStream.m; sourceTree = "<group>"; };
		31AFA3C216BB7E4900F33660 /* ASINetworkQueue.h */ = {isa = PBXFileReference; fileEncoding = 4; lastKnownFileType = sourcecode.c.h; path = ASINetworkQueue.h; sourceTree = "<group>"; };
		31AFA3C316BB7E4900F33660 /* ASINetworkQueue.m */ = {isa = PBXFileReference; fileEncoding = 4; lastKnownFileType = sourcecode.c.objc; path = ASINetworkQueue.m; sourceTree = "<group>"; };
		31AFA3C416BB7E4900F33660 /* ASIProgressDelegate.h */ = {isa = PBXFileReference; fileEncoding = 4; lastKnownFileType = sourcecode.c.h; path = ASIProgressDelegate.h; sourceTree = "<group>"; };
		31AFA3C516BB7E4900F33660 /* BaseHttpRequest.h */ = {isa = PBXFileReference; fileEncoding = 4; lastKnownFileType = sourcecode.c.h; path = BaseHttpRequest.h; sourceTree = "<group>"; };
		31AFA3C616BB7E4900F33660 /* BaseHttpRequest.m */ = {isa = PBXFileReference; fileEncoding = 4; lastKnownFileType = sourcecode.c.objc; path = BaseHttpRequest.m; sourceTree = "<group>"; };
		31AFA3C816BB7E4900F33660 /* Reachability.h */ = {isa = PBXFileReference; fileEncoding = 4; lastKnownFileType = sourcecode.c.h; path = Reachability.h; sourceTree = "<group>"; };
		31AFA3C916BB7E4900F33660 /* Reachability.m */ = {isa = PBXFileReference; fileEncoding = 4; lastKnownFileType = sourcecode.c.objc; path = Reachability.m; sourceTree = "<group>"; };
		31B6A06316B7775D002CB237 /* JPTravel.app */ = {isa = PBXFileReference; explicitFileType = wrapper.application; includeInIndex = 0; path = JPTravel.app; sourceTree = BUILT_PRODUCTS_DIR; };
		31B6A06716B7775D002CB237 /* UIKit.framework */ = {isa = PBXFileReference; lastKnownFileType = wrapper.framework; name = UIKit.framework; path = System/Library/Frameworks/UIKit.framework; sourceTree = SDKROOT; };
		31B6A06916B7775D002CB237 /* Foundation.framework */ = {isa = PBXFileReference; lastKnownFileType = wrapper.framework; name = Foundation.framework; path = System/Library/Frameworks/Foundation.framework; sourceTree = SDKROOT; };
		31B6A06B16B7775D002CB237 /* CoreGraphics.framework */ = {isa = PBXFileReference; lastKnownFileType = wrapper.framework; name = CoreGraphics.framework; path = System/Library/Frameworks/CoreGraphics.framework; sourceTree = SDKROOT; };
		31B6A06F16B7775D002CB237 /* JPTravel-Info.plist */ = {isa = PBXFileReference; lastKnownFileType = text.plist.xml; path = "JPTravel-Info.plist"; sourceTree = "<group>"; };
		31B6A07116B7775D002CB237 /* en */ = {isa = PBXFileReference; lastKnownFileType = text.plist.strings; name = en; path = en.lproj/InfoPlist.strings; sourceTree = "<group>"; };
		31B6A07316B7775D002CB237 /* main.m */ = {isa = PBXFileReference; lastKnownFileType = sourcecode.c.objc; path = main.m; sourceTree = "<group>"; };
		31B6A07516B7775D002CB237 /* JPTravel-Prefix.pch */ = {isa = PBXFileReference; lastKnownFileType = sourcecode.c.h; path = "JPTravel-Prefix.pch"; sourceTree = "<group>"; };
		31B6A07616B7775D002CB237 /* LTTAppDelegate.h */ = {isa = PBXFileReference; lastKnownFileType = sourcecode.c.h; path = LTTAppDelegate.h; sourceTree = "<group>"; };
		31B6A07716B7775D002CB237 /* LTTAppDelegate.m */ = {isa = PBXFileReference; lastKnownFileType = sourcecode.c.objc; path = LTTAppDelegate.m; sourceTree = "<group>"; };
		31B6A07916B7775D002CB237 /* Default.png */ = {isa = PBXFileReference; lastKnownFileType = image.png; path = Default.png; sourceTree = "<group>"; };
		31B6A07B16B7775D002CB237 /* Default@2x.png */ = {isa = PBXFileReference; lastKnownFileType = image.png; path = "Default@2x.png"; sourceTree = "<group>"; };
		31B6A07D16B7775E002CB237 /* Default-568h@2x.png */ = {isa = PBXFileReference; lastKnownFileType = image.png; path = "Default-568h@2x.png"; sourceTree = "<group>"; };
		31B6A10316B77F2B002CB237 /* CFNetwork.framework */ = {isa = PBXFileReference; lastKnownFileType = wrapper.framework; name = CFNetwork.framework; path = System/Library/Frameworks/CFNetwork.framework; sourceTree = SDKROOT; };
		31B6A10716B78080002CB237 /* SystemConfiguration.framework */ = {isa = PBXFileReference; lastKnownFileType = wrapper.framework; name = SystemConfiguration.framework; path = System/Library/Frameworks/SystemConfiguration.framework; sourceTree = SDKROOT; };
		31B6A10916B78088002CB237 /* MobileCoreServices.framework */ = {isa = PBXFileReference; lastKnownFileType = wrapper.framework; name = MobileCoreServices.framework; path = System/Library/Frameworks/MobileCoreServices.framework; sourceTree = SDKROOT; };
		31B6A10B16B78095002CB237 /* libz.dylib */ = {isa = PBXFileReference; lastKnownFileType = "compiled.mach-o.dylib"; name = libz.dylib; path = usr/lib/libz.dylib; sourceTree = SDKROOT; };
		31B6A13C16B78ED6002CB237 /* SBJson.h */ = {isa = PBXFileReference; fileEncoding = 4; lastKnownFileType = sourcecode.c.h; path = SBJson.h; sourceTree = "<group>"; };
		31B6A13D16B78ED6002CB237 /* SBJsonParser.h */ = {isa = PBXFileReference; fileEncoding = 4; lastKnownFileType = sourcecode.c.h; path = SBJsonParser.h; sourceTree = "<group>"; };
		31B6A13E16B78ED6002CB237 /* SBJsonParser.m */ = {isa = PBXFileReference; fileEncoding = 4; lastKnownFileType = sourcecode.c.objc; path = SBJsonParser.m; sourceTree = "<group>"; };
		31B6A13F16B78ED6002CB237 /* SBJsonStreamParser.h */ = {isa = PBXFileReference; fileEncoding = 4; lastKnownFileType = sourcecode.c.h; path = SBJsonStreamParser.h; sourceTree = "<group>"; };
		31B6A14016B78ED6002CB237 /* SBJsonStreamParser.m */ = {isa = PBXFileReference; fileEncoding = 4; lastKnownFileType = sourcecode.c.objc; path = SBJsonStreamParser.m; sourceTree = "<group>"; };
		31B6A14116B78ED6002CB237 /* SBJsonStreamParserAccumulator.h */ = {isa = PBXFileReference; fileEncoding = 4; lastKnownFileType = sourcecode.c.h; path = SBJsonStreamParserAccumulator.h; sourceTree = "<group>"; };
		31B6A14216B78ED6002CB237 /* SBJsonStreamParserAccumulator.m */ = {isa = PBXFileReference; fileEncoding = 4; lastKnownFileType = sourcecode.c.objc; path = SBJsonStreamParserAccumulator.m; sourceTree = "<group>"; };
		31B6A14316B78ED6002CB237 /* SBJsonStreamParserAdapter.h */ = {isa = PBXFileReference; fileEncoding = 4; lastKnownFileType = sourcecode.c.h; path = SBJsonStreamParserAdapter.h; sourceTree = "<group>"; };
		31B6A14416B78ED6002CB237 /* SBJsonStreamParserAdapter.m */ = {isa = PBXFileReference; fileEncoding = 4; lastKnownFileType = sourcecode.c.objc; path = SBJsonStreamParserAdapter.m; sourceTree = "<group>"; };
		31B6A14516B78ED6002CB237 /* SBJsonStreamParserState.h */ = {isa = PBXFileReference; fileEncoding = 4; lastKnownFileType = sourcecode.c.h; path = SBJsonStreamParserState.h; sourceTree = "<group>"; };
		31B6A14616B78ED6002CB237 /* SBJsonStreamParserState.m */ = {isa = PBXFileReference; fileEncoding = 4; lastKnownFileType = sourcecode.c.objc; path = SBJsonStreamParserState.m; sourceTree = "<group>"; };
		31B6A14716B78ED6002CB237 /* SBJsonStreamTokeniser.h */ = {isa = PBXFileReference; fileEncoding = 4; lastKnownFileType = sourcecode.c.h; path = SBJsonStreamTokeniser.h; sourceTree = "<group>"; };
		31B6A14816B78ED6002CB237 /* SBJsonStreamTokeniser.m */ = {isa = PBXFileReference; fileEncoding = 4; lastKnownFileType = sourcecode.c.objc; path = SBJsonStreamTokeniser.m; sourceTree = "<group>"; };
		31B6A14916B78ED6002CB237 /* SBJsonStreamWriter.h */ = {isa = PBXFileReference; fileEncoding = 4; lastKnownFileType = sourcecode.c.h; path = SBJsonStreamWriter.h; sourceTree = "<group>"; };
		31B6A14A16B78ED6002CB237 /* SBJsonStreamWriter.m */ = {isa = PBXFileReference; fileEncoding = 4; lastKnownFileType = sourcecode.c.objc; path = SBJsonStreamWriter.m; sourceTree = "<group>"; };
		31B6A14B16B78ED6002CB237 /* SBJsonStreamWriterAccumulator.h */ = {isa = PBXFileReference; fileEncoding = 4; lastKnownFileType = sourcecode.c.h; path = SBJsonStreamWriterAccumulator.h; sourceTree = "<group>"; };
		31B6A14C16B78ED6002CB237 /* SBJsonStreamWriterAccumulator.m */ = {isa = PBXFileReference; fileEncoding = 4; lastKnownFileType = sourcecode.c.objc; path = SBJsonStreamWriterAccumulator.m; sourceTree = "<group>"; };
		31B6A14D16B78ED6002CB237 /* SBJsonStreamWriterState.h */ = {isa = PBXFileReference; fileEncoding = 4; lastKnownFileType = sourcecode.c.h; path = SBJsonStreamWriterState.h; sourceTree = "<group>"; };
		31B6A14E16B78ED6002CB237 /* SBJsonStreamWriterState.m */ = {isa = PBXFileReference; fileEncoding = 4; lastKnownFileType = sourcecode.c.objc; path = SBJsonStreamWriterState.m; sourceTree = "<group>"; };
		31B6A14F16B78ED6002CB237 /* SBJsonWriter.h */ = {isa = PBXFileReference; fileEncoding = 4; lastKnownFileType = sourcecode.c.h; path = SBJsonWriter.h; sourceTree = "<group>"; };
		31B6A15016B78ED6002CB237 /* SBJsonWriter.m */ = {isa = PBXFileReference; fileEncoding = 4; lastKnownFileType = sourcecode.c.objc; path = SBJsonWriter.m; sourceTree = "<group>"; };
		31B6A1F116B7DB53002CB237 /* MKAnnotationView+WebCache.h */ = {isa = PBXFileReference; fileEncoding = 4; lastKnownFileType = sourcecode.c.h; path = "MKAnnotationView+WebCache.h"; sourceTree = "<group>"; };
		31B6A1F216B7DB53002CB237 /* MKAnnotationView+WebCache.m */ = {isa = PBXFileReference; fileEncoding = 4; lastKnownFileType = sourcecode.c.objc; path = "MKAnnotationView+WebCache.m"; sourceTree = "<group>"; };
		31B6A1F316B7DB53002CB237 /* SDImageCache.h */ = {isa = PBXFileReference; fileEncoding = 4; lastKnownFileType = sourcecode.c.h; path = SDImageCache.h; sourceTree = "<group>"; };
		31B6A1F416B7DB53002CB237 /* SDImageCache.m */ = {isa = PBXFileReference; fileEncoding = 4; lastKnownFileType = sourcecode.c.objc; path = SDImageCache.m; sourceTree = "<group>"; };
		31B6A1F516B7DB53002CB237 /* SDWebImageCompat.h */ = {isa = PBXFileReference; fileEncoding = 4; lastKnownFileType = sourcecode.c.h; path = SDWebImageCompat.h; sourceTree = "<group>"; };
		31B6A1F616B7DB53002CB237 /* SDWebImageCompat.m */ = {isa = PBXFileReference; fileEncoding = 4; lastKnownFileType = sourcecode.c.objc; path = SDWebImageCompat.m; sourceTree = "<group>"; };
		31B6A1F716B7DB53002CB237 /* SDWebImageDecoder.h */ = {isa = PBXFileReference; fileEncoding = 4; lastKnownFileType = sourcecode.c.h; path = SDWebImageDecoder.h; sourceTree = "<group>"; };
		31B6A1F816B7DB53002CB237 /* SDWebImageDecoder.m */ = {isa = PBXFileReference; fileEncoding = 4; lastKnownFileType = sourcecode.c.objc; path = SDWebImageDecoder.m; sourceTree = "<group>"; };
		31B6A1F916B7DB53002CB237 /* SDWebImageDownloader.h */ = {isa = PBXFileReference; fileEncoding = 4; lastKnownFileType = sourcecode.c.h; path = SDWebImageDownloader.h; sourceTree = "<group>"; };
		31B6A1FA16B7DB53002CB237 /* SDWebImageDownloader.m */ = {isa = PBXFileReference; fileEncoding = 4; lastKnownFileType = sourcecode.c.objc; path = SDWebImageDownloader.m; sourceTree = "<group>"; };
		31B6A1FB16B7DB53002CB237 /* SDWebImageDownloaderOperation.h */ = {isa = PBXFileReference; fileEncoding = 4; lastKnownFileType = sourcecode.c.h; path = SDWebImageDownloaderOperation.h; sourceTree = "<group>"; };
		31B6A1FC16B7DB53002CB237 /* SDWebImageDownloaderOperation.m */ = {isa = PBXFileReference; fileEncoding = 4; lastKnownFileType = sourcecode.c.objc; path = SDWebImageDownloaderOperation.m; sourceTree = "<group>"; };
		31B6A1FD16B7DB53002CB237 /* SDWebImageManager.h */ = {isa = PBXFileReference; fileEncoding = 4; lastKnownFileType = sourcecode.c.h; path = SDWebImageManager.h; sourceTree = "<group>"; };
		31B6A1FE16B7DB53002CB237 /* SDWebImageManager.m */ = {isa = PBXFileReference; fileEncoding = 4; lastKnownFileType = sourcecode.c.objc; path = SDWebImageManager.m; sourceTree = "<group>"; };
		31B6A1FF16B7DB53002CB237 /* SDWebImageOperation.h */ = {isa = PBXFileReference; fileEncoding = 4; lastKnownFileType = sourcecode.c.h; path = SDWebImageOperation.h; sourceTree = "<group>"; };
		31B6A20016B7DB53002CB237 /* SDWebImagePrefetcher.h */ = {isa = PBXFileReference; fileEncoding = 4; lastKnownFileType = sourcecode.c.h; path = SDWebImagePrefetcher.h; sourceTree = "<group>"; };
		31B6A20116B7DB53002CB237 /* SDWebImagePrefetcher.m */ = {isa = PBXFileReference; fileEncoding = 4; lastKnownFileType = sourcecode.c.objc; path = SDWebImagePrefetcher.m; sourceTree = "<group>"; };
		31B6A20216B7DB53002CB237 /* UIButton+WebCache.h */ = {isa = PBXFileReference; fileEncoding = 4; lastKnownFileType = sourcecode.c.h; path = "UIButton+WebCache.h"; sourceTree = "<group>"; };
		31B6A20316B7DB53002CB237 /* UIButton+WebCache.m */ = {isa = PBXFileReference; fileEncoding = 4; lastKnownFileType = sourcecode.c.objc; path = "UIButton+WebCache.m"; sourceTree = "<group>"; };
		31B6A20416B7DB53002CB237 /* UIImageView+WebCache.h */ = {isa = PBXFileReference; fileEncoding = 4; lastKnownFileType = sourcecode.c.h; path = "UIImageView+WebCache.h"; sourceTree = "<group>"; };
		31B6A20516B7DB53002CB237 /* UIImageView+WebCache.m */ = {isa = PBXFileReference; fileEncoding = 4; lastKnownFileType = sourcecode.c.objc; path = "UIImageView+WebCache.m"; sourceTree = "<group>"; };
		31B6A21016B7DB72002CB237 /* ImageIO.framework */ = {isa = PBXFileReference; lastKnownFileType = wrapper.framework; name = ImageIO.framework; path = System/Library/Frameworks/ImageIO.framework; sourceTree = SDKROOT; };
		31B6A21216B7DB79002CB237 /* MapKit.framework */ = {isa = PBXFileReference; lastKnownFileType = wrapper.framework; name = MapKit.framework; path = System/Library/Frameworks/MapKit.framework; sourceTree = SDKROOT; };
		31E9E84116BF9B140054AFBB /* EGORefreshTableHeaderView.h */ = {isa = PBXFileReference; lastKnownFileType = sourcecode.c.h; path = EGORefreshTableHeaderView.h; sourceTree = "<group>"; };
		31E9E84216BF9B140054AFBB /* EGORefreshTableHeaderView.m */ = {isa = PBXFileReference; lastKnownFileType = sourcecode.c.objc; path = EGORefreshTableHeaderView.m; sourceTree = "<group>"; };
		31E9E84416BFA0E20054AFBB /* QuartzCore.framework */ = {isa = PBXFileReference; lastKnownFileType = wrapper.framework; name = QuartzCore.framework; path = System/Library/Frameworks/QuartzCore.framework; sourceTree = SDKROOT; };
		31E9E84716BFA1230054AFBB /* grayArrow.png */ = {isa = PBXFileReference; lastKnownFileType = image.png; path = grayArrow.png; sourceTree = "<group>"; };
		31E9E84816BFA1230054AFBB /* grayArrow@2x.png */ = {isa = PBXFileReference; lastKnownFileType = image.png; path = "grayArrow@2x.png"; sourceTree = "<group>"; };
		31E9E84916BFA1230054AFBB /* blackArrow.png */ = {isa = PBXFileReference; lastKnownFileType = image.png; path = blackArrow.png; sourceTree = "<group>"; };
		31E9E84A16BFA1230054AFBB /* blackArrow@2x.png */ = {isa = PBXFileReference; lastKnownFileType = image.png; path = "blackArrow@2x.png"; sourceTree = "<group>"; };
		31E9E84B16BFA1230054AFBB /* blueArrow.png */ = {isa = PBXFileReference; lastKnownFileType = image.png; path = blueArrow.png; sourceTree = "<group>"; };
		31E9E84C16BFA1230054AFBB /* blueArrow@2x.png */ = {isa = PBXFileReference; lastKnownFileType = image.png; path = "blueArrow@2x.png"; sourceTree = "<group>"; };
		31E9E84D16BFA1230054AFBB /* whiteArrow.png */ = {isa = PBXFileReference; lastKnownFileType = image.png; path = whiteArrow.png; sourceTree = "<group>"; };
		31E9E84E16BFA1230054AFBB /* whiteArrow@2x.png */ = {isa = PBXFileReference; lastKnownFileType = image.png; path = "whiteArrow@2x.png"; sourceTree = "<group>"; };
		31F860ED16B7E183003B9D11 /* loading18.gif */ = {isa = PBXFileReference; lastKnownFileType = image.gif; path = loading18.gif; sourceTree = "<group>"; };
/* End PBXFileReference section */

/* Begin PBXFrameworksBuildPhase section */
		31B6A06016B7775D002CB237 /* Frameworks */ = {
			isa = PBXFrameworksBuildPhase;
			buildActionMask = 2147483647;
			files = (
				31E9E84516BFA0E20054AFBB /* QuartzCore.framework in Frameworks */,
				31B6A21316B7DB79002CB237 /* MapKit.framework in Frameworks */,
				31B6A21116B7DB72002CB237 /* ImageIO.framework in Frameworks */,
				31B6A10C16B78095002CB237 /* libz.dylib in Frameworks */,
				31B6A10A16B78088002CB237 /* MobileCoreServices.framework in Frameworks */,
				31B6A10816B78080002CB237 /* SystemConfiguration.framework in Frameworks */,
				31B6A10416B77F2B002CB237 /* CFNetwork.framework in Frameworks */,
				31B6A06816B7775D002CB237 /* UIKit.framework in Frameworks */,
				31B6A06A16B7775D002CB237 /* Foundation.framework in Frameworks */,
				31B6A06C16B7775D002CB237 /* CoreGraphics.framework in Frameworks */,
			);
			runOnlyForDeploymentPostprocessing = 0;
		};
/* End PBXFrameworksBuildPhase section */

/* Begin PBXGroup section */
		31A4E99C16BA49A400591135 /* Model */ = {
			isa = PBXGroup;
			children = (
				31A4E9A116BA4ADF00591135 /* Entity */,
				31A4E9BB16BA5A2900591135 /* BaseApiRequest.h */,
				31A4E9BC16BA5A2900591135 /* BaseApiRequest.m */,
			);
			name = Model;
			sourceTree = "<group>";
		};
		31A4E99E16BA4A5500591135 /* Controllers */ = {
			isa = PBXGroup;
			children = (
				31A4E9B816BA57FE00591135 /* TimelineViewController.h */,
				31A4E9B916BA57FE00591135 /* TimelineViewController.m */,
			);
			name = Controllers;
			sourceTree = "<group>";
		};
		31A4E9A016BA4A7000591135 /* View */ = {
			isa = PBXGroup;
			children = (
				31A4E9AB16BA562400591135 /* BaseView */,
			);
			name = View;
			sourceTree = "<group>";
		};
		31A4E9A116BA4ADF00591135 /* Entity */ = {
			isa = PBXGroup;
			children = (
				31A4E9A216BA4B4400591135 /* UserEntity.h */,
				31A4E9A316BA4B4400591135 /* UserEntity.m */,
				31A4E9A516BA4F0600591135 /* PostEntity.h */,
				31A4E9A616BA4F0600591135 /* PostEntity.m */,
				31A4E9A816BA52E900591135 /* EventEntity.h */,
				31A4E9A916BA52E900591135 /* EventEntity.m */,
				3139801316BB961800A60647 /* TimelineEntity.h */,
				3139801416BB961800A60647 /* TimelineEntity.m */,
			);
			name = Entity;
			sourceTree = "<group>";
		};
		31A4E9AB16BA562400591135 /* BaseView */ = {
			isa = PBXGroup;
			children = (
				3139801F16BBAC6500A60647 /* TimelineEventViewCell.h */,
				3139802016BBAC6500A60647 /* TimelineEventViewCell.m */,
				3139802216BBAC7B00A60647 /* TimelinePostViewCell.h */,
				3139802316BBAC7B00A60647 /* TimelinePostViewCell.m */,
			);
			name = BaseView;
			sourceTree = "<group>";
		};
		31AFA3AF16BB7E4900F33660 /* ASIHTTPRequest */ = {
			isa = PBXGroup;
			children = (
				31AFA3B016BB7E4900F33660 /* Classes */,
				31AFA3C716BB7E4900F33660 /* Reachability */,
			);
			path = ASIHTTPRequest;
			sourceTree = "<group>";
		};
		31AFA3B016BB7E4900F33660 /* Classes */ = {
			isa = PBXGroup;
			children = (
				31AFA3B116BB7E4900F33660 /* ASIAuthenticationDialog.h */,
				31AFA3B216BB7E4900F33660 /* ASIAuthenticationDialog.m */,
				31AFA3B316BB7E4900F33660 /* ASICacheDelegate.h */,
				31AFA3B416BB7E4900F33660 /* ASIDataCompressor.h */,
				31AFA3B516BB7E4900F33660 /* ASIDataCompressor.m */,
				31AFA3B616BB7E4900F33660 /* ASIDataDecompressor.h */,
				31AFA3B716BB7E4900F33660 /* ASIDataDecompressor.m */,
				31AFA3B816BB7E4900F33660 /* ASIDownloadCache.h */,
				31AFA3B916BB7E4900F33660 /* ASIDownloadCache.m */,
				31AFA3BA16BB7E4900F33660 /* ASIFormDataRequest.h */,
				31AFA3BB16BB7E4900F33660 /* ASIFormDataRequest.m */,
				31AFA3BC16BB7E4900F33660 /* ASIHTTPRequest.h */,
				31AFA3BD16BB7E4900F33660 /* ASIHTTPRequest.m */,
				31AFA3BE16BB7E4900F33660 /* ASIHTTPRequestConfig.h */,
				31AFA3BF16BB7E4900F33660 /* ASIHTTPRequestDelegate.h */,
				31AFA3C016BB7E4900F33660 /* ASIInputStream.h */,
				31AFA3C116BB7E4900F33660 /* ASIInputStream.m */,
				31AFA3C216BB7E4900F33660 /* ASINetworkQueue.h */,
				31AFA3C316BB7E4900F33660 /* ASINetworkQueue.m */,
				31AFA3C416BB7E4900F33660 /* ASIProgressDelegate.h */,
				31AFA3C516BB7E4900F33660 /* BaseHttpRequest.h */,
				31AFA3C616BB7E4900F33660 /* BaseHttpRequest.m */,
			);
			path = Classes;
			sourceTree = "<group>";
		};
		31AFA3C716BB7E4900F33660 /* Reachability */ = {
			isa = PBXGroup;
			children = (
				31AFA3C816BB7E4900F33660 /* Reachability.h */,
				31AFA3C916BB7E4900F33660 /* Reachability.m */,
			);
			path = Reachability;
			sourceTree = "<group>";
		};
		31B6A05816B7775D002CB237 = {
			isa = PBXGroup;
			children = (
				31B6A06D16B7775D002CB237 /* JPTravel */,
				31B6A06616B7775D002CB237 /* Frameworks */,
				31B6A06416B7775D002CB237 /* Products */,
			);
			sourceTree = "<group>";
		};
		31B6A06416B7775D002CB237 /* Products */ = {
			isa = PBXGroup;
			children = (
				31B6A06316B7775D002CB237 /* JPTravel.app */,
			);
			name = Products;
			sourceTree = "<group>";
		};
		31B6A06616B7775D002CB237 /* Frameworks */ = {
			isa = PBXGroup;
			children = (
				31E9E84416BFA0E20054AFBB /* QuartzCore.framework */,
				31B6A21216B7DB79002CB237 /* MapKit.framework */,
				31B6A21016B7DB72002CB237 /* ImageIO.framework */,
				31B6A10916B78088002CB237 /* MobileCoreServices.framework */,
				31B6A10716B78080002CB237 /* SystemConfiguration.framework */,
				31B6A10B16B78095002CB237 /* libz.dylib */,
				31B6A10316B77F2B002CB237 /* CFNetwork.framework */,
				31B6A06716B7775D002CB237 /* UIKit.framework */,
				31B6A06916B7775D002CB237 /* Foundation.framework */,
				31B6A06B16B7775D002CB237 /* CoreGraphics.framework */,
			);
			name = Frameworks;
			sourceTree = "<group>";
		};
		31B6A06D16B7775D002CB237 /* JPTravel */ = {
			isa = PBXGroup;
			children = (
				31B6A1AD16B7C9C0002CB237 /* Libs */,
				31A4E9A016BA4A7000591135 /* View */,
				31A4E99E16BA4A5500591135 /* Controllers */,
				31A4E99C16BA49A400591135 /* Model */,
				31B6A07616B7775D002CB237 /* LTTAppDelegate.h */,
				31B6A07716B7775D002CB237 /* LTTAppDelegate.m */,
				31B6A06E16B7775D002CB237 /* Supporting Files */,
			);
			name = JPTravel;
			path = HttpRequest;
			sourceTree = "<group>";
		};
		31B6A06E16B7775D002CB237 /* Supporting Files */ = {
			isa = PBXGroup;
			children = (
				31F860ED16B7E183003B9D11 /* loading18.gif */,
				31B6A06F16B7775D002CB237 /* JPTravel-Info.plist */,
				31B6A07016B7775D002CB237 /* InfoPlist.strings */,
				31B6A07316B7775D002CB237 /* main.m */,
				31B6A07516B7775D002CB237 /* JPTravel-Prefix.pch */,
				31B6A07916B7775D002CB237 /* Default.png */,
				31B6A07B16B7775D002CB237 /* Default@2x.png */,
				31B6A07D16B7775E002CB237 /* Default-568h@2x.png */,
			);
			name = "Supporting Files";
			sourceTree = "<group>";
		};
		31B6A13B16B78ED6002CB237 /* SBJson */ = {
			isa = PBXGroup;
			children = (
				31B6A13C16B78ED6002CB237 /* SBJson.h */,
				31B6A13D16B78ED6002CB237 /* SBJsonParser.h */,
				31B6A13E16B78ED6002CB237 /* SBJsonParser.m */,
				31B6A13F16B78ED6002CB237 /* SBJsonStreamParser.h */,
				31B6A14016B78ED6002CB237 /* SBJsonStreamParser.m */,
				31B6A14116B78ED6002CB237 /* SBJsonStreamParserAccumulator.h */,
				31B6A14216B78ED6002CB237 /* SBJsonStreamParserAccumulator.m */,
				31B6A14316B78ED6002CB237 /* SBJsonStreamParserAdapter.h */,
				31B6A14416B78ED6002CB237 /* SBJsonStreamParserAdapter.m */,
				31B6A14516B78ED6002CB237 /* SBJsonStreamParserState.h */,
				31B6A14616B78ED6002CB237 /* SBJsonStreamParserState.m */,
				31B6A14716B78ED6002CB237 /* SBJsonStreamTokeniser.h */,
				31B6A14816B78ED6002CB237 /* SBJsonStreamTokeniser.m */,
				31B6A14916B78ED6002CB237 /* SBJsonStreamWriter.h */,
				31B6A14A16B78ED6002CB237 /* SBJsonStreamWriter.m */,
				31B6A14B16B78ED6002CB237 /* SBJsonStreamWriterAccumulator.h */,
				31B6A14C16B78ED6002CB237 /* SBJsonStreamWriterAccumulator.m */,
				31B6A14D16B78ED6002CB237 /* SBJsonStreamWriterState.h */,
				31B6A14E16B78ED6002CB237 /* SBJsonStreamWriterState.m */,
				31B6A14F16B78ED6002CB237 /* SBJsonWriter.h */,
				31B6A15016B78ED6002CB237 /* SBJsonWriter.m */,
			);
			name = SBJson;
			path = objc;
			sourceTree = "<group>";
		};
		31B6A1AD16B7C9C0002CB237 /* Libs */ = {
			isa = PBXGroup;
			children = (
				31E9E84616BFA1140054AFBB /* Resources */,
				31E9E83F16BF9AC60054AFBB /* EGORefreshTable */,
				31AFA3AF16BB7E4900F33660 /* ASIHTTPRequest */,
				31B6A1F016B7DB53002CB237 /* SDWebImage */,
				31B6A13B16B78ED6002CB237 /* SBJson */,
			);
			name = Libs;
			path = ..;
			sourceTree = "<group>";
		};
		31B6A1F016B7DB53002CB237 /* SDWebImage */ = {
			isa = PBXGroup;
			children = (
				31B6A1F116B7DB53002CB237 /* MKAnnotationView+WebCache.h */,
				31B6A1F216B7DB53002CB237 /* MKAnnotationView+WebCache.m */,
				31B6A1F316B7DB53002CB237 /* SDImageCache.h */,
				31B6A1F416B7DB53002CB237 /* SDImageCache.m */,
				31B6A1F516B7DB53002CB237 /* SDWebImageCompat.h */,
				31B6A1F616B7DB53002CB237 /* SDWebImageCompat.m */,
				31B6A1F716B7DB53002CB237 /* SDWebImageDecoder.h */,
				31B6A1F816B7DB53002CB237 /* SDWebImageDecoder.m */,
				31B6A1F916B7DB53002CB237 /* SDWebImageDownloader.h */,
				31B6A1FA16B7DB53002CB237 /* SDWebImageDownloader.m */,
				31B6A1FB16B7DB53002CB237 /* SDWebImageDownloaderOperation.h */,
				31B6A1FC16B7DB53002CB237 /* SDWebImageDownloaderOperation.m */,
				31B6A1FD16B7DB53002CB237 /* SDWebImageManager.h */,
				31B6A1FE16B7DB53002CB237 /* SDWebImageManager.m */,
				31B6A1FF16B7DB53002CB237 /* SDWebImageOperation.h */,
				31B6A20016B7DB53002CB237 /* SDWebImagePrefetcher.h */,
				31B6A20116B7DB53002CB237 /* SDWebImagePrefetcher.m */,
				31B6A20216B7DB53002CB237 /* UIButton+WebCache.h */,
				31B6A20316B7DB53002CB237 /* UIButton+WebCache.m */,
				31B6A20416B7DB53002CB237 /* UIImageView+WebCache.h */,
				31B6A20516B7DB53002CB237 /* UIImageView+WebCache.m */,
			);
			path = SDWebImage;
			sourceTree = "<group>";
		};
		31E9E83F16BF9AC60054AFBB /* EGORefreshTable */ = {
			isa = PBXGroup;
			children = (
				31E9E84116BF9B140054AFBB /* EGORefreshTableHeaderView.h */,
				31E9E84216BF9B140054AFBB /* EGORefreshTableHeaderView.m */,
			);
			name = EGORefreshTable;
			sourceTree = "<group>";
		};
		31E9E84616BFA1140054AFBB /* Resources */ = {
			isa = PBXGroup;
			children = (
				31E9E84716BFA1230054AFBB /* grayArrow.png */,
				31E9E84816BFA1230054AFBB /* grayArrow@2x.png */,
				31E9E84916BFA1230054AFBB /* blackArrow.png */,
				31E9E84A16BFA1230054AFBB /* blackArrow@2x.png */,
				31E9E84B16BFA1230054AFBB /* blueArrow.png */,
				31E9E84C16BFA1230054AFBB /* blueArrow@2x.png */,
				31E9E84D16BFA1230054AFBB /* whiteArrow.png */,
				31E9E84E16BFA1230054AFBB /* whiteArrow@2x.png */,
			);
			name = Resources;
			sourceTree = "<group>";
		};
/* End PBXGroup section */

/* Begin PBXNativeTarget section */
		31B6A06216B7775D002CB237 /* JPTravel */ = {
			isa = PBXNativeTarget;
			buildConfigurationList = 31B6A08116B7775E002CB237 /* Build configuration list for PBXNativeTarget "JPTravel" */;
			buildPhases = (
				31B6A05F16B7775D002CB237 /* Sources */,
				31B6A06016B7775D002CB237 /* Frameworks */,
				31B6A06116B7775D002CB237 /* Resources */,
			);
			buildRules = (
			);
			dependencies = (
			);
			name = JPTravel;
			productName = HttpRequest;
			productReference = 31B6A06316B7775D002CB237 /* JPTravel.app */;
			productType = "com.apple.product-type.application";
		};
/* End PBXNativeTarget section */

/* Begin PBXProject section */
		31B6A05A16B7775D002CB237 /* Project object */ = {
			isa = PBXProject;
			attributes = {
				CLASSPREFIX = LTT;
				LastUpgradeCheck = 0450;
				ORGANIZATIONNAME = Trinhld;
			};
			buildConfigurationList = 31B6A05D16B7775D002CB237 /* Build configuration list for PBXProject "JPTravel" */;
			compatibilityVersion = "Xcode 3.2";
			developmentRegion = English;
			hasScannedForEncodings = 0;
			knownRegions = (
				en,
			);
			mainGroup = 31B6A05816B7775D002CB237;
			productRefGroup = 31B6A06416B7775D002CB237 /* Products */;
			projectDirPath = "";
			projectRoot = "";
			targets = (
				31B6A06216B7775D002CB237 /* JPTravel */,
			);
		};
/* End PBXProject section */

/* Begin PBXResourcesBuildPhase section */
		31B6A06116B7775D002CB237 /* Resources */ = {
			isa = PBXResourcesBuildPhase;
			buildActionMask = 2147483647;
			files = (
				31B6A07216B7775D002CB237 /* InfoPlist.strings in Resources */,
				31B6A07A16B7775D002CB237 /* Default.png in Resources */,
				31B6A07C16B7775D002CB237 /* Default@2x.png in Resources */,
				31B6A07E16B7775E002CB237 /* Default-568h@2x.png in Resources */,
				31F860EE16B7E183003B9D11 /* loading18.gif in Resources */,
				31E9E84F16BFA1230054AFBB /* grayArrow.png in Resources */,
				31E9E85016BFA1230054AFBB /* grayArrow@2x.png in Resources */,
				31E9E85116BFA1230054AFBB /* blackArrow.png in Resources */,
				31E9E85216BFA1230054AFBB /* blackArrow@2x.png in Resources */,
				31E9E85316BFA1230054AFBB /* blueArrow.png in Resources */,
				31E9E85416BFA1230054AFBB /* blueArrow@2x.png in Resources */,
				31E9E85516BFA1230054AFBB /* whiteArrow.png in Resources */,
				31E9E85616BFA1230054AFBB /* whiteArrow@2x.png in Resources */,
			);
			runOnlyForDeploymentPostprocessing = 0;
		};
/* End PBXResourcesBuildPhase section */

/* Begin PBXSourcesBuildPhase section */
		31B6A05F16B7775D002CB237 /* Sources */ = {
			isa = PBXSourcesBuildPhase;
			buildActionMask = 2147483647;
			files = (
				31E9E84316BFA08C0054AFBB /* EGORefreshTableHeaderView.m in Sources */,
				31B6A07416B7775D002CB237 /* main.m in Sources */,
				31B6A07816B7775D002CB237 /* LTTAppDelegate.m in Sources */,
				31B6A15116B78ED6002CB237 /* SBJsonParser.m in Sources */,
				31B6A15216B78ED6002CB237 /* SBJsonStreamParser.m in Sources */,
				31B6A15316B78ED6002CB237 /* SBJsonStreamParserAccumulator.m in Sources */,
				31B6A15416B78ED6002CB237 /* SBJsonStreamParserAdapter.m in Sources */,
				31B6A15516B78ED6002CB237 /* SBJsonStreamParserState.m in Sources */,
				31B6A15616B78ED6002CB237 /* SBJsonStreamTokeniser.m in Sources */,
				31B6A15716B78ED6002CB237 /* SBJsonStreamWriter.m in Sources */,
				31B6A15816B78ED6002CB237 /* SBJsonStreamWriterAccumulator.m in Sources */,
				31B6A15916B78ED6002CB237 /* SBJsonStreamWriterState.m in Sources */,
				31B6A15A16B78ED6002CB237 /* SBJsonWriter.m in Sources */,
				31B6A20616B7DB53002CB237 /* MKAnnotationView+WebCache.m in Sources */,
				31B6A20716B7DB53002CB237 /* SDImageCache.m in Sources */,
				31B6A20816B7DB53002CB237 /* SDWebImageCompat.m in Sources */,
				31B6A20916B7DB53002CB237 /* SDWebImageDecoder.m in Sources */,
				31B6A20A16B7DB53002CB237 /* SDWebImageDownloader.m in Sources */,
				31B6A20B16B7DB53002CB237 /* SDWebImageDownloaderOperation.m in Sources */,
				31B6A20C16B7DB53002CB237 /* SDWebImageManager.m in Sources */,
				31B6A20D16B7DB53002CB237 /* SDWebImagePrefetcher.m in Sources */,
				31B6A20E16B7DB53002CB237 /* UIButton+WebCache.m in Sources */,
				31B6A20F16B7DB53002CB237 /* UIImageView+WebCache.m in Sources */,
				31A4E9A416BA4B4400591135 /* UserEntity.m in Sources */,
				31A4E9A716BA4F0600591135 /* PostEntity.m in Sources */,
				31A4E9AA16BA52E900591135 /* EventEntity.m in Sources */,
				31A4E9BA16BA57FE00591135 /* TimelineViewController.m in Sources */,
				31A4E9BD16BA5A2A00591135 /* BaseApiRequest.m in Sources */,
				31AFA3CA16BB7E4900F33660 /* ASIAuthenticationDialog.m in Sources */,
				31AFA3CB16BB7E4900F33660 /* ASIDataCompressor.m in Sources */,
				31AFA3CC16BB7E4900F33660 /* ASIDataDecompressor.m in Sources */,
				31AFA3CD16BB7E4900F33660 /* ASIDownloadCache.m in Sources */,
				31AFA3CE16BB7E4900F33660 /* ASIFormDataRequest.m in Sources */,
				31AFA3CF16BB7E4900F33660 /* ASIHTTPRequest.m in Sources */,
				31AFA3D016BB7E4900F33660 /* ASIInputStream.m in Sources */,
				31AFA3D116BB7E4900F33660 /* ASINetworkQueue.m in Sources */,
				31AFA3D216BB7E4900F33660 /* BaseHttpRequest.m in Sources */,
				31AFA3D316BB7E4900F33660 /* Reachability.m in Sources */,
				3139801516BB961800A60647 /* TimelineEntity.m in Sources */,
				3139802116BBAC6500A60647 /* TimelineEventViewCell.m in Sources */,
				3139802416BBAC7B00A60647 /* TimelinePostViewCell.m in Sources */,
			);
			runOnlyForDeploymentPostprocessing = 0;
		};
/* End PBXSourcesBuildPhase section */

/* Begin PBXVariantGroup section */
		31B6A07016B7775D002CB237 /* InfoPlist.strings */ = {
			isa = PBXVariantGroup;
			children = (
				31B6A07116B7775D002CB237 /* en */,
			);
			name = InfoPlist.strings;
			sourceTree = "<group>";
		};
/* End PBXVariantGroup section */

/* Begin XCBuildConfiguration section */
		31B6A07F16B7775E002CB237 /* Debug */ = {
			isa = XCBuildConfiguration;
			buildSettings = {
				ALWAYS_SEARCH_USER_PATHS = NO;
				CLANG_CXX_LANGUAGE_STANDARD = "gnu++0x";
				CLANG_CXX_LIBRARY = "libc++";
				CLANG_ENABLE_OBJC_ARC = YES;
				CLANG_WARN_EMPTY_BODY = YES;
				CLANG_WARN__DUPLICATE_METHOD_MATCH = YES;
				"CODE_SIGN_IDENTITY[sdk=iphoneos*]" = "iPhone Developer";
				COPY_PHASE_STRIP = NO;
				GCC_C_LANGUAGE_STANDARD = gnu99;
				GCC_DYNAMIC_NO_PIC = NO;
				GCC_OPTIMIZATION_LEVEL = 0;
				GCC_PREPROCESSOR_DEFINITIONS = (
					"DEBUG=1",
					"$(inherited)",
				);
				GCC_SYMBOLS_PRIVATE_EXTERN = NO;
				GCC_WARN_ABOUT_RETURN_TYPE = YES;
				GCC_WARN_UNINITIALIZED_AUTOS = YES;
				GCC_WARN_UNUSED_VARIABLE = YES;
				IPHONEOS_DEPLOYMENT_TARGET = 5.0;
				ONLY_ACTIVE_ARCH = YES;
				SDKROOT = iphoneos;
			};
			name = Debug;
		};
		31B6A08016B7775E002CB237 /* Release */ = {
			isa = XCBuildConfiguration;
			buildSettings = {
				ALWAYS_SEARCH_USER_PATHS = NO;
				CLANG_CXX_LANGUAGE_STANDARD = "gnu++0x";
				CLANG_CXX_LIBRARY = "libc++";
				CLANG_ENABLE_OBJC_ARC = YES;
				CLANG_WARN_EMPTY_BODY = YES;
				CLANG_WARN__DUPLICATE_METHOD_MATCH = YES;
				"CODE_SIGN_IDENTITY[sdk=iphoneos*]" = "iPhone Developer";
				COPY_PHASE_STRIP = YES;
				GCC_C_LANGUAGE_STANDARD = gnu99;
				GCC_WARN_ABOUT_RETURN_TYPE = YES;
				GCC_WARN_UNINITIALIZED_AUTOS = YES;
				GCC_WARN_UNUSED_VARIABLE = YES;
				IPHONEOS_DEPLOYMENT_TARGET = 5.0;
				OTHER_CFLAGS = "-DNS_BLOCK_ASSERTIONS=1";
				SDKROOT = iphoneos;
				VALIDATE_PRODUCT = YES;
			};
			name = Release;
		};
		31B6A08216B7775E002CB237 /* Debug */ = {
			isa = XCBuildConfiguration;
			buildSettings = {
				GCC_PRECOMPILE_PREFIX_HEADER = YES;
				GCC_PREFIX_HEADER = "HttpRequest/JPTravel-Prefix.pch";
				INFOPLIST_FILE = "HttpRequest/JPTravel-Info.plist";
				IPHONEOS_DEPLOYMENT_TARGET = 5.0;
				PRODUCT_NAME = JPTravel;
				WRAPPER_EXTENSION = app;
			};
			name = Debug;
		};
		31B6A08316B7775E002CB237 /* Release */ = {
			isa = XCBuildConfiguration;
			buildSettings = {
				GCC_PRECOMPILE_PREFIX_HEADER = YES;
				GCC_PREFIX_HEADER = "HttpRequest/JPTravel-Prefix.pch";
				INFOPLIST_FILE = "HttpRequest/JPTravel-Info.plist";
				IPHONEOS_DEPLOYMENT_TARGET = 5.0;
				PRODUCT_NAME = JPTravel;
				WRAPPER_EXTENSION = app;
			};
			name = Release;
		};
/* End XCBuildConfiguration section */

/* Begin XCConfigurationList section */
		31B6A05D16B7775D002CB237 /* Build configuration list for PBXProject "JPTravel" */ = {
			isa = XCConfigurationList;
			buildConfigurations = (
				31B6A07F16B7775E002CB237 /* Debug */,
				31B6A08016B7775E002CB237 /* Release */,
			);
			defaultConfigurationIsVisible = 0;
			defaultConfigurationName = Release;
		};
		31B6A08116B7775E002CB237 /* Build configuration list for PBXNativeTarget "JPTravel" */ = {
			isa = XCConfigurationList;
			buildConfigurations = (
				31B6A08216B7775E002CB237 /* Debug */,
				31B6A08316B7775E002CB237 /* Release */,
			);
			defaultConfigurationIsVisible = 0;
			defaultConfigurationName = Release;
		};
/* End XCConfigurationList section */
	};
	rootObject = 31B6A05A16B7775D002CB237 /* Project object */;
}
